<?xml version="1.0" encoding="utf-8"?>
<Project ToolsVersion="4.0" xmlns="http://schemas.microsoft.com/developer/msbuild/2003">
  <ItemGroup>
    <Filter Include="Source Files">
      <UniqueIdentifier>{4FC737F1-C7A5-4376-A066-2A32D752A2FF}</UniqueIdentifier>
      <Extensions>cpp;c;cc;cxx;c++;cppm;ixx;def;odl;idl;hpj;bat;asm;asmx</Extensions>
    </Filter>
    <Filter Include="Header Files">
      <UniqueIdentifier>{93995380-89BD-4b04-88EB-625FBE52EBFB}</UniqueIdentifier>
      <Extensions>h;hh;hpp;hxx;h++;hm;inl;inc;ipp;xsd</Extensions>
    </Filter>
    <Filter Include="Resource Files">
      <UniqueIdentifier>{67DA6AB6-F800-4c08-8B7A-83BB121AAD01}</UniqueIdentifier>
      <Extensions>rc;ico;cur;bmp;dlg;rc2;rct;bin;rgs;gif;jpg;jpeg;jpe;resx;tiff;tif;png;wav;mfcribbon-ms</Extensions>
    </Filter>
  </ItemGroup>
  <ItemGroup>
    <ClCompile Include="src\main.cpp">
      <Filter>Source Files</Filter>
    </ClCompile>
    <ClCompile Include="src\pch.cpp">
      <Filter>Source Files</Filter>
    </ClCompile>
    <ClCompile Include="src\log.cpp">
      <Filter>Source Files</Filter>
    </ClCompile>
    <ClCompile Include="src\viewer.cpp">
      <Filter>Source Files</Filter>
    </ClCompile>
    <ClCompile Include="src\dep_impl.cpp">
      <Filter>Source Files</Filter>
    </ClCompile>
    <ClCompile Include="src\renderer.cpp">
      <Filter>Source Files</Filter>
    </ClCompile>
    <ClCompile Include="src\queue.cpp">
      <Filter>Source Files</Filter>
    </ClCompile>
    <ClCompile Include="src\gltf\accessor.cpp">
      <Filter>Source Files</Filter>
    </ClCompile>
    <ClCompile Include="src\gltf\animation.cpp">
      <Filter>Source Files</Filter>
    </ClCompile>
    <ClCompile Include="src\gltf\asset.cpp">
      <Filter>Source Files</Filter>
    </ClCompile>
    <ClCompile Include="src\gltf\buffer.cpp">
      <Filter>Source Files</Filter>
    </ClCompile>
    <ClCompile Include="src\gltf\buffer_view.cpp">
      <Filter>Source Files</Filter>
    </ClCompile>
    <ClCompile Include="src\gltf\camera.cpp">
      <Filter>Source Files</Filter>
    </ClCompile>
    <ClCompile Include="src\gltf\gltf.cpp">
      <Filter>Source Files</Filter>
    </ClCompile>
    <ClCompile Include="src\gltf\helper.cpp">
      <Filter>Source Files</Filter>
    </ClCompile>
    <ClCompile Include="src\gltf\image.cpp">
      <Filter>Source Files</Filter>
    </ClCompile>
    <ClCompile Include="src\gltf\material.cpp">
      <Filter>Source Files</Filter>
    </ClCompile>
    <ClCompile Include="src\gltf\mesh.cpp">
      <Filter>Source Files</Filter>
    </ClCompile>
    <ClCompile Include="src\gltf\node.cpp">
      <Filter>Source Files</Filter>
    </ClCompile>
    <ClCompile Include="src\gltf\sampler.cpp">
      <Filter>Source Files</Filter>
    </ClCompile>
    <ClCompile Include="src\gltf\scene.cpp">
      <Filter>Source Files</Filter>
    </ClCompile>
    <ClCompile Include="src\gltf\skin.cpp">
      <Filter>Source Files</Filter>
    </ClCompile>
    <ClCompile Include="src\gltf\texture.cpp">
      <Filter>Source Files</Filter>
    </ClCompile>
    <ClCompile Include="src\imgui\imgui.cpp">
      <Filter>Source Files</Filter>
    </ClCompile>
    <ClCompile Include="src\imgui\imgui_demo.cpp">
      <Filter>Source Files</Filter>
    </ClCompile>
    <ClCompile Include="src\imgui\imgui_draw.cpp">
      <Filter>Source Files</Filter>
    </ClCompile>
    <ClCompile Include="src\imgui\imgui_impl_opengl3.cpp">
      <Filter>Source Files</Filter>
    </ClCompile>
    <ClCompile Include="src\imgui\imgui_tables.cpp">
      <Filter>Source Files</Filter>
    </ClCompile>
    <ClCompile Include="src\imgui\imgui_widgets.cpp">
      <Filter>Source Files</Filter>
    </ClCompile>
    <ClCompile Include="src\morph.cpp">
      <Filter>Source Files</Filter>
    </ClCompile>
    <ClCompile Include="src\program.cpp">
      <Filter>Source Files</Filter>
    </ClCompile>
    <ClCompile Include="src\light_program.cpp">
      <Filter>Source Files</Filter>
    </ClCompile>
    <ClCompile Include="src\orbit_camera.cpp">
      <Filter>Source Files</Filter>
    </ClCompile>
  </ItemGroup>
  <ItemGroup>
    <None Include=".gitignore" />
    <None Include=".clang-format" />
    <None Include="README.md" />
  </ItemGroup>
  <ItemGroup>
    <ClInclude Include="src\pch.h">
      <Filter>Header Files</Filter>
    </ClInclude>
    <ClInclude Include="src\log.h">
      <Filter>Header Files</Filter>
    </ClInclude>
    <ClInclude Include="src\viewer.h">
      <Filter>Header Files</Filter>
    </ClInclude>
    <ClInclude Include="src\renderer.h">
      <Filter>Header Files</Filter>
    </ClInclude>
    <ClInclude Include="src\queue.h">
      <Filter>Header Files</Filter>
    </ClInclude>
    <ClInclude Include="src\gltf\accessor.h">
      <Filter>Header Files</Filter>
    </ClInclude>
    <ClInclude Include="src\gltf\animation.h">
      <Filter>Header Files</Filter>
    </ClInclude>
    <ClInclude Include="src\gltf\asset.h">
      <Filter>Header Files</Filter>
    </ClInclude>
    <ClInclude Include="src\gltf\buffer.h">
      <Filter>Header Files</Filter>
    </ClInclude>
    <ClInclude Include="src\gltf\buffer_view.h">
      <Filter>Header Files</Filter>
    </ClInclude>
    <ClInclude Include="src\gltf\camera.h">
      <Filter>Header Files</Filter>
    </ClInclude>
    <ClInclude Include="src\gltf\gltf.h">
      <Filter>Header Files</Filter>
    </ClInclude>
    <ClInclude Include="src\gltf\helper.h">
      <Filter>Header Files</Filter>
    </ClInclude>
    <ClInclude Include="src\gltf\image.h">
      <Filter>Header Files</Filter>
    </ClInclude>
    <ClInclude Include="src\gltf\material.h">
      <Filter>Header Files</Filter>
    </ClInclude>
    <ClInclude Include="src\gltf\mesh.h">
      <Filter>Header Files</Filter>
    </ClInclude>
    <ClInclude Include="src\gltf\node.h">
      <Filter>Header Files</Filter>
    </ClInclude>
    <ClInclude Include="src\gltf\result.h">
      <Filter>Header Files</Filter>
    </ClInclude>
    <ClInclude Include="src\gltf\sampler.h">
      <Filter>Header Files</Filter>
    </ClInclude>
    <ClInclude Include="src\gltf\scene.h">
      <Filter>Header Files</Filter>
    </ClInclude>
    <ClInclude Include="src\gltf\skin.h">
      <Filter>Header Files</Filter>
    </ClInclude>
    <ClInclude Include="src\gltf\texture.h">
      <Filter>Header Files</Filter>
    </ClInclude>
    <ClInclude Include="src\imgui\imconfig.h">
      <Filter>Header Files</Filter>
    </ClInclude>
    <ClInclude Include="src\imgui\imgui.h">
      <Filter>Header Files</Filter>
    </ClInclude>
    <ClInclude Include="src\imgui\imgui_impl_opengl3.h">
      <Filter>Header Files</Filter>
    </ClInclude>
    <ClInclude Include="src\imgui\imgui_impl_opengl3_loader.h">
      <Filter>Header Files</Filter>
    </ClInclude>
    <ClInclude Include="src\imgui\imgui_internal.h">
      <Filter>Header Files</Filter>
    </ClInclude>
    <ClInclude Include="src\imgui\imstb_rectpack.h">
      <Filter>Header Files</Filter>
    </ClInclude>
    <ClInclude Include="src\imgui\imstb_textedit.h">
      <Filter>Header Files</Filter>
    </ClInclude>
    <ClInclude Include="src\imgui\imstb_truetype.h">
      <Filter>Header Files</Filter>
    </ClInclude>
    <ClInclude Include="src\morph.h">
      <Filter>Header Files</Filter>
    </ClInclude>
    <ClInclude Include="src\program.h">
      <Filter>Header Files</Filter>
    </ClInclude>
    <ClInclude Include="src\light_program.h">
      <Filter>Header Files</Filter>
    </ClInclude>
    <ClInclude Include="src\orbit_camera.h">
      <Filter>Header Files</Filter>
    </ClInclude>
  </ItemGroup>
</Project>